
Microsoft Visual Studio Solution File, Format Version 12.00
# Visual Studio Version 16
VisualStudioVersion = 16.0.31402.337
MinimumVisualStudioVersion = 10.0.40219.1
Project("{FAE04EC0-301F-11D3-BF4B-00C04F79EFBC}") = "HarrisContactManager", "HarrisContactManager\HarrisContactManager.csproj", "{73A63396-1C29-41BC-99DF-64C9DFF0A419}"
EndProject
Global
	GlobalSection(SolutionConfigurationPlatforms) = preSolution
		Debug|Any CPU = Debug|Any CPU
		Release|Any CPU = Release|Any CPU
	EndGlobalSection
	GlobalSection(ProjectConfigurationPlatforms) = postSolution
		{73A63396-1C29-41BC-99DF-64C9DFF0A419}.Debug|Any CPU.ActiveCfg = Debug|Any CPU
		{73A63396-1C29-41BC-99DF-64C9DFF0A419}.Debug|Any CPU.Build.0 = Debug|Any CPU
		{73A63396-1C29-41BC-99DF-64C9DFF0A419}.Release|Any CPU.ActiveCfg = Release|Any CPU
		{73A63396-1C29-41BC-99DF-64C9DFF0A419}.Release|Any CPU.Build.0 = Release|Any CPU
	EndGlobalSection
	GlobalSection(SolutionProperties) = preSolution
		HideSolutionNode = FALSE
	EndGlobalSection
	GlobalSection(ExtensibilityGlobals) = postSolution
		SolutionGuid = {F8C18E8E-8A90-46A5-A7B1-5F79E17F3951}
	EndGlobalSection
EndGlobal
